// !$*UTF8*$!
{
	archiveVersion = 1;
	classes = {
	};
	objectVersion = 77;
	objects = {

/* Begin PBXBuildFile section */
		1044037C2ED64E2100ED321A /* FirebaseAuth in Frameworks */ = {isa = PBXBuildFile; productRef = 1044037B2ED64E2100ED321A /* FirebaseAuth */; };
		1044037E2ED64E2100ED321A /* FirebaseFirestore in Frameworks */ = {isa = PBXBuildFile; productRef = 1044037D2ED64E2100ED321A /* FirebaseFirestore */; };
		104403842ED6522000ED321A /* GoogleSignIn in Frameworks */ = {isa = PBXBuildFile; productRef = 104403832ED6522000ED321A /* GoogleSignIn */; };
		104403862ED6522000ED321A /* GoogleSignInSwift in Frameworks */ = {isa = PBXBuildFile; productRef = 104403852ED6522000ED321A /* GoogleSignInSwift */; };
		104403A92ED6707F00ED321A /* Stripe in Frameworks */ = {isa = PBXBuildFile; productRef = 104403A82ED6707F00ED321A /* Stripe */; };
		104403AB2ED6707F00ED321A /* StripeApplePay in Frameworks */ = {isa = PBXBuildFile; productRef = 104403AA2ED6707F00ED321A /* StripeApplePay */; };
		104403AD2ED6707F00ED321A /* StripeCardScan in Frameworks */ = {isa = PBXBuildFile; productRef = 104403AC2ED6707F00ED321A /* StripeCardScan */; };
		104403AF2ED6707F00ED321A /* StripeConnect in Frameworks */ = {isa = PBXBuildFile; productRef = 104403AE2ED6707F00ED321A /* StripeConnect */; };
		104403B12ED6707F00ED321A /* StripeFinancialConnections in Frameworks */ = {isa = PBXBuildFile; productRef = 104403B02ED6707F00ED321A /* StripeFinancialConnections */; };
		104403B32ED6708000ED321A /* StripePaymentSheet in Frameworks */ = {isa = PBXBuildFile; productRef = 104403B22ED6708000ED321A /* StripePaymentSheet */; };
		104406AC2ED8354200ED321A /* EatFairShared in Frameworks */ = {isa = PBXBuildFile; productRef = 104406AB2ED8354200ED321A /* EatFairShared */; };
		B9FF4BCB266C8B1FB7CCC913 /* Pods_eatfaircustomer.framework in Frameworks */ = {isa = PBXBuildFile; fileRef = 7199266C558D3A0C875B993B /* Pods_eatfaircustomer.framework */; };
/* End PBXBuildFile section */

/* Begin PBXContainerItemProxy section */
		104403452ED64A4100ED321A /* PBXContainerItemProxy */ = {
			isa = PBXContainerItemProxy;
			containerPortal = 1044032A2ED64A4000ED321A /* Project object */;
			proxyType = 1;
			remoteGlobalIDString = 104403312ED64A4000ED321A;
			remoteInfo = eatfaircustomer;
		};
		1044034F2ED64A4100ED321A /* PBXContainerItemProxy */ = {
			isa = PBXContainerItemProxy;
			containerPortal = 1044032A2ED64A4000ED321A /* Project object */;
			proxyType = 1;
			remoteGlobalIDString = 104403312ED64A4000ED321A;
			remoteInfo = eatfaircustomer;
		};
/* End PBXContainerItemProxy section */

/* Begin PBXFileReference section */
		104403322ED64A4000ED321A /* Dollor.app */ = {isa = PBXFileReference; explicitFileType = wrapper.application; includeInIndex = 0; path = Dollor.app; sourceTree = BUILT_PRODUCTS_DIR; };
		104403442ED64A4100ED321A /* eatfaircustomerTests.xctest */ = {isa = PBXFileReference; explicitFileType = wrapper.cfbundle; includeInIndex = 0; path = eatfaircustomerTests.xctest; sourceTree = BUILT_PRODUCTS_DIR; };
		1044034E2ED64A4100ED321A /* eatfaircustomerUITests.xctest */ = {isa = PBXFileReference; explicitFileType = wrapper.cfbundle; includeInIndex = 0; path = eatfaircustomerUITests.xctest; sourceTree = BUILT_PRODUCTS_DIR; };
		7199266C558D3A0C875B993B /* Pods_eatfaircustomer.framework */ = {isa = PBXFileReference; explicitFileType = wrapper.framework; includeInIndex = 0; path = Pods_eatfaircustomer.framework; sourceTree = BUILT_PRODUCTS_DIR; };
		7BB0E872DAB75E6A603F399C /* Pods-eatfaircustomer.release.xcconfig */ = {isa = PBXFileReference; includeInIndex = 1; lastKnownFileType = text.xcconfig; name = "Pods-eatfaircustomer.release.xcconfig"; path = "Target Support Files/Pods-eatfaircustomer/Pods-eatfaircustomer.release.xcconfig"; sourceTree = "<group>"; };
		F5D09EE4EEF179CF1FB61B3F /* Pods-eatfaircustomer.debug.xcconfig */ = {isa = PBXFileReference; includeInIndex = 1; lastKnownFileType = text.xcconfig; name = "Pods-eatfaircustomer.debug.xcconfig"; path = "Target Support Files/Pods-eatfaircustomer/Pods-eatfaircustomer.debug.xcconfig"; sourceTree = "<group>"; };
		FA01A1B2C3D4E5F6A7B8C9D0 /* Debug.xcconfig */ = {isa = PBXFileReference; lastKnownFileType = text.xcconfig; path = Debug.xcconfig; sourceTree = "<group>"; };
		FA01A1B2C3D4E5F6A7B8C9D1 /* Release.xcconfig */ = {isa = PBXFileReference; lastKnownFileType = text.xcconfig; path = Release.xcconfig; sourceTree = "<group>"; };
/* End PBXFileReference section */

/* Begin PBXFileSystemSynchronizedBuildFileExceptionSet section */
		104403802ED6508F00ED321A /* Exceptions for "eatfaircustomer" folder in "eatfaircustomer" target */ = {
			isa = PBXFileSystemSynchronizedBuildFileExceptionSet;
			membershipExceptions = (
				Info.plist,
			);
			target = 104403312ED64A4000ED321A /* eatfaircustomer */;
		};
/* End PBXFileSystemSynchronizedBuildFileExceptionSet section */

/* Begin PBXFileSystemSynchronizedRootGroup section */
		104403342ED64A4000ED321A /* eatfaircustomer */ = {
			isa = PBXFileSystemSynchronizedRootGroup;
			exceptions = (
				104403802ED6508F00ED321A /* Exceptions for "eatfaircustomer" folder in "eatfaircustomer" target */,
			);
			path = eatfaircustomer;
			sourceTree = "<group>";
		};
		104403472ED64A4100ED321A /* eatfaircustomerTests */ = {
			isa = PBXFileSystemSynchronizedRootGroup;
			exceptions = (
			);
			path = eatfaircustomerTests;
			sourceTree = "<group>";
		};
		104403512ED64A4100ED321A /* eatfaircustomerUITests */ = {
			isa = PBXFileSystemSynchronizedRootGroup;
			exceptions = (
			);
			path = eatfaircustomerUITests;
			sourceTree = "<group>";
		};
/* End PBXFileSystemSynchronizedRootGroup section */

/* Begin PBXFrameworksBuildPhase section */
		1044032F2ED64A4000ED321A /* Frameworks */ = {
			isa = PBXFrameworksBuildPhase;
			buildActionMask = 2147483647;
			files = (
				104403AD2ED6707F00ED321A /* StripeCardScan in Frameworks */,
				104403A92ED6707F00ED321A /* Stripe in Frameworks */,
				1044037C2ED64E2100ED321A /* FirebaseAuth in Frameworks */,
				1044037E2ED64E2100ED321A /* FirebaseFirestore in Frameworks */,
				104403B12ED6707F00ED321A /* StripeFinancialConnections in Frameworks */,
				104403B32ED6708000ED321A /* StripePaymentSheet in Frameworks */,
				104403AB2ED6707F00ED321A /* StripeApplePay in Frameworks */,
				104406AC2ED8354200ED321A /* EatFairShared in Frameworks */,
				104403842ED6522000ED321A /* GoogleSignIn in Frameworks */,
				104403AF2ED6707F00ED321A /* StripeConnect in Frameworks */,
				104403862ED6522000ED321A /* GoogleSignInSwift in Frameworks */,
				B9FF4BCB266C8B1FB7CCC913 /* Pods_eatfaircustomer.framework in Frameworks */,
			);
			runOnlyForDeploymentPostprocessing = 0;
		};
		104403412ED64A4100ED321A /* Frameworks */ = {
			isa = PBXFrameworksBuildPhase;
			buildActionMask = 2147483647;
			files = (
			);
			runOnlyForDeploymentPostprocessing = 0;
		};
		1044034B2ED64A4100ED321A /* Frameworks */ = {
			isa = PBXFrameworksBuildPhase;
			buildActionMask = 2147483647;
			files = (
			);
			runOnlyForDeploymentPostprocessing = 0;
		};
/* End PBXFrameworksBuildPhase section */

/* Begin PBXGroup section */
		104403292ED64A4000ED321A = {
			isa = PBXGroup;
			children = (
				FA01A1B2C3D4E5F6A7B8C9D2 /* Config */,
				104403342ED64A4000ED321A /* eatfaircustomer */,
				104403472ED64A4100ED321A /* eatfaircustomerTests */,
				104403512ED64A4100ED321A /* eatfaircustomerUITests */,
				104403812ED6519A00ED321A /* Frameworks */,
				104403332ED64A4000ED321A /* Products */,
				CF672A75328B131CF2DF5229 /* Pods */,
			);
			sourceTree = "<group>";
		};
		104403332ED64A4000ED321A /* Products */ = {
			isa = PBXGroup;
			children = (
				104403322ED64A4000ED321A /* Dollor.app */,
				104403442ED64A4100ED321A /* eatfaircustomerTests.xctest */,
				1044034E2ED64A4100ED321A /* eatfaircustomerUITests.xctest */,
			);
			name = Products;
			sourceTree = "<group>";
		};
		104403812ED6519A00ED321A /* Frameworks */ = {
			isa = PBXGroup;
			children = (
				7199266C558D3A0C875B993B /* Pods_eatfaircustomer.framework */,
			);
			name = Frameworks;
			sourceTree = "<group>";
		};
		CF672A75328B131CF2DF5229 /* Pods */ = {
			isa = PBXGroup;
			children = (
				F5D09EE4EEF179CF1FB61B3F /* Pods-eatfaircustomer.debug.xcconfig */,
				7BB0E872DAB75E6A603F399C /* Pods-eatfaircustomer.release.xcconfig */,
			);
			path = Pods;
			sourceTree = "<group>";
		};
		FA01A1B2C3D4E5F6A7B8C9D2 /* Config */ = {
			isa = PBXGroup;
			children = (
				FA01A1B2C3D4E5F6A7B8C9D0 /* Debug.xcconfig */,
				FA01A1B2C3D4E5F6A7B8C9D1 /* Release.xcconfig */,
			);
			path = Config;
			sourceTree = "<group>";
		};
/* End PBXGroup section */

/* Begin PBXNativeTarget section */
		104403312ED64A4000ED321A /* eatfaircustomer */ = {
			isa = PBXNativeTarget;
			buildConfigurationList = 104403582ED64A4100ED321A /* Build configuration list for PBXNativeTarget "eatfaircustomer" */;
			buildPhases = (
				957A5AB38F5834E81001EFB0 /* [CP] Check Pods Manifest.lock */,
				1044032E2ED64A4000ED321A /* Sources */,
				1044032F2ED64A4000ED321A /* Frameworks */,
				104403302ED64A4000ED321A /* Resources */,
				736843FCA854DAF1F98C8FE3 /* [CP] Copy Pods Resources */,
			);
			buildRules = (
			);
			dependencies = (
			);
			fileSystemSynchronizedGroups = (
				104403342ED64A4000ED321A /* eatfaircustomer */,
			);
			name = eatfaircustomer;
			packageProductDependencies = (
				1044037B2ED64E2100ED321A /* FirebaseAuth */,
				1044037D2ED64E2100ED321A /* FirebaseFirestore */,
				104403832ED6522000ED321A /* GoogleSignIn */,
				104403852ED6522000ED321A /* GoogleSignInSwift */,
				104403A82ED6707F00ED321A /* Stripe */,
				104403AA2ED6707F00ED321A /* StripeApplePay */,
				104403AC2ED6707F00ED321A /* StripeCardScan */,
				104403AE2ED6707F00ED321A /* StripeConnect */,
				104403B02ED6707F00ED321A /* StripeFinancialConnections */,
				104403B22ED6708000ED321A /* StripePaymentSheet */,
				104406AB2ED8354200ED321A /* EatFairShared */,
			);
			productName = eatfaircustomer;
			productReference = 104403322ED64A4000ED321A /* Dollor.app */;
			productType = "com.apple.product-type.application";
		};
		104403432ED64A4100ED321A /* eatfaircustomerTests */ = {
			isa = PBXNativeTarget;
			buildConfigurationList = 1044035B2ED64A4100ED321A /* Build configuration list for PBXNativeTarget "eatfaircustomerTests" */;
			buildPhases = (
				104403402ED64A4100ED321A /* Sources */,
				104403412ED64A4100ED321A /* Frameworks */,
				104403422ED64A4100ED321A /* Resources */,
			);
			buildRules = (
			);
			dependencies = (
				104403462ED64A4100ED321A /* PBXTargetDependency */,
			);
			fileSystemSynchronizedGroups = (
				104403472ED64A4100ED321A /* eatfaircustomerTests */,
			);
			name = eatfaircustomerTests;
			productName = eatfaircustomerTests;
			productReference = 104403442ED64A4100ED321A /* eatfaircustomerTests.xctest */;
			productType = "com.apple.product-type.bundle.unit-test";
		};
		1044034D2ED64A4100ED321A /* eatfaircustomerUITests */ = {
			isa = PBXNativeTarget;
			buildConfigurationList = 1044035E2ED64A4100ED321A /* Build configuration list for PBXNativeTarget "eatfaircustomerUITests" */;
			buildPhases = (
				1044034A2ED64A4100ED321A /* Sources */,
				1044034B2ED64A4100ED321A /* Frameworks */,
				1044034C2ED64A4100ED321A /* Resources */,
			);
			buildRules = (
			);
			dependencies = (
				104403502ED64A4100ED321A /* PBXTargetDependency */,
			);
			fileSystemSynchronizedGroups = (
				104403512ED64A4100ED321A /* eatfaircustomerUITests */,
			);
			name = eatfaircustomerUITests;
			productName = eatfaircustomerUITests;
			productReference = 1044034E2ED64A4100ED321A /* eatfaircustomerUITests.xctest */;
			productType = "com.apple.product-type.bundle.ui-testing";
		};
/* End PBXNativeTarget section */

/* Begin PBXProject section */
		1044032A2ED64A4000ED321A /* Project object */ = {
			isa = PBXProject;
			attributes = {
				BuildIndependentTargetsInParallel = 1;
				LastSwiftUpdateCheck = 2610;
				LastUpgradeCheck = 2610;
				TargetAttributes = {
					104403312ED64A4000ED321A = {
						CreatedOnToolsVersion = 26.1.1;
					};
					104403432ED64A4100ED321A = {
						CreatedOnToolsVersion = 26.1.1;
						TestTargetID = 104403312ED64A4000ED321A;
					};
					1044034D2ED64A4100ED321A = {
						CreatedOnToolsVersion = 26.1.1;
						TestTargetID = 104403312ED64A4000ED321A;
					};
				};
			};
			buildConfigurationList = 1044032D2ED64A4000ED321A /* Build configuration list for PBXProject "eatfaircustomer" */;
			developmentRegion = en;
			hasScannedForEncodings = 0;
			knownRegions = (
				en,
				Base,
			);
			mainGroup = 104403292ED64A4000ED321A;
			minimizedProjectReferenceProxies = 1;
			packageReferences = (
				1044037A2ED64E2100ED321A /* XCRemoteSwiftPackageReference "firebase-ios-sdk" */,
				104403822ED6522000ED321A /* XCRemoteSwiftPackageReference "GoogleSignIn-iOS" */,
				104403A72ED6707F00ED321A /* XCRemoteSwiftPackageReference "stripe-ios-spm" */,
				104406AA2ED8354200ED321A /* XCLocalSwiftPackageReference "eatfair-ios-shared" */,
			);
			preferredProjectObjectVersion = 77;
			productRefGroup = 104403332ED64A4000ED321A /* Products */;
			projectDirPath = "";
			projectRoot = "";
			targets = (
				104403312ED64A4000ED321A /* eatfaircustomer */,
				104403432ED64A4100ED321A /* eatfaircustomerTests */,
				1044034D2ED64A4100ED321A /* eatfaircustomerUITests */,
			);
		};
/* End PBXProject section */

/* Begin PBXResourcesBuildPhase section */
		104403302ED64A4000ED321A /* Resources */ = {
			isa = PBXResourcesBuildPhase;
			buildActionMask = 2147483647;
			files = (
			);
			runOnlyForDeploymentPostprocessing = 0;
		};
		104403422ED64A4100ED321A /* Resources */ = {
			isa = PBXResourcesBuildPhase;
			buildActionMask = 2147483647;
			files = (
			);
			runOnlyForDeploymentPostprocessing = 0;
		};
		1044034C2ED64A4100ED321A /* Resources */ = {
			isa = PBXResourcesBuildPhase;
			buildActionMask = 2147483647;
			files = (
			);
			runOnlyForDeploymentPostprocessing = 0;
		};
/* End PBXResourcesBuildPhase section */

/* Begin PBXShellScriptBuildPhase section */
		736843FCA854DAF1F98C8FE3 /* [CP] Copy Pods Resources */ = {
			isa = PBXShellScriptBuildPhase;
			buildActionMask = 2147483647;
			files = (
			);
			inputFileListPaths = (
				"${PODS_ROOT}/Target Support Files/Pods-eatfaircustomer/Pods-eatfaircustomer-resources-${CONFIGURATION}-input-files.xcfilelist",
			);
			name = "[CP] Copy Pods Resources";
			outputFileListPaths = (
				"${PODS_ROOT}/Target Support Files/Pods-eatfaircustomer/Pods-eatfaircustomer-resources-${CONFIGURATION}-output-files.xcfilelist",
			);
			runOnlyForDeploymentPostprocessing = 0;
			shellPath = /bin/sh;
			shellScript = "\"${PODS_ROOT}/Target Support Files/Pods-eatfaircustomer/Pods-eatfaircustomer-resources.sh\"\n";
			showEnvVarsInLog = 0;
		};
		957A5AB38F5834E81001EFB0 /* [CP] Check Pods Manifest.lock */ = {
			isa = PBXShellScriptBuildPhase;
			buildActionMask = 2147483647;
			files = (
			);
			inputFileListPaths = (
			);
			inputPaths = (
				"${PODS_PODFILE_DIR_PATH}/Podfile.lock",
				"${PODS_ROOT}/Manifest.lock",
			);
			name = "[CP] Check Pods Manifest.lock";
			outputFileListPaths = (
			);
			outputPaths = (
				"$(DERIVED_FILE_DIR)/Pods-eatfaircustomer-checkManifestLockResult.txt",
			);
			runOnlyForDeploymentPostprocessing = 0;
			shellPath = /bin/sh;
			shellScript = "diff \"${PODS_PODFILE_DIR_PATH}/Podfile.lock\" \"${PODS_ROOT}/Manifest.lock\" > /dev/null\nif [ $? != 0 ] ; then\n    # print error to STDERR\n    echo \"error: The sandbox is not in sync with the Podfile.lock. Run 'pod install' or update your CocoaPods installation.\" >&2\n    exit 1\nfi\n# This output is used by Xcode 'outputs' to avoid re-running this script phase.\necho \"SUCCESS\" > \"${SCRIPT_OUTPUT_FILE_0}\"\n";
			showEnvVarsInLog = 0;
		};
/* End PBXShellScriptBuildPhase section */

/* Begin PBXSourcesBuildPhase section */
		1044032E2ED64A4000ED321A /* Sources */ = {
			isa = PBXSourcesBuildPhase;
			buildActionMask = 2147483647;
			files = (
			);
			runOnlyForDeploymentPostprocessing = 0;
		};
		104403402ED64A4100ED321A /* Sources */ = {
			isa = PBXSourcesBuildPhase;
			buildActionMask = 2147483647;
			files = (
			);
			runOnlyForDeploymentPostprocessing = 0;
		};
		1044034A2ED64A4100ED321A /* Sources */ = {
			isa = PBXSourcesBuildPhase;
			buildActionMask = 2147483647;
			files = (
			);
			runOnlyForDeploymentPostprocessing = 0;
		};
/* End PBXSourcesBuildPhase section */

/* Begin PBXTargetDependency section */
		104403462ED64A4100ED321A /* PBXTargetDependency */ = {
			isa = PBXTargetDependency;
			target = 104403312ED64A4000ED321A /* eatfaircustomer */;
			targetProxy = 104403452ED64A4100ED321A /* PBXContainerItemProxy */;
		};
		104403502ED64A4100ED321A /* PBXTargetDependency */ = {
			isa = PBXTargetDependency;
			target = 104403312ED64A4000ED321A /* eatfaircustomer */;
			targetProxy = 1044034F2ED64A4100ED321A /* PBXContainerItemProxy */;
		};
/* End PBXTargetDependency section */

/* Begin XCBuildConfiguration section */
		104403562ED64A4100ED321A /* Debug */ = {
			isa = XCBuildConfiguration;
			buildSettings = {
				ALWAYS_SEARCH_USER_PATHS = NO;
				ASSETCATALOG_COMPILER_GENERATE_SWIFT_ASSET_SYMBOL_EXTENSIONS = YES;
				CLANG_ANALYZER_NONNULL = YES;
				CLANG_ANALYZER_NUMBER_OBJECT_CONVERSION = YES_AGGRESSIVE;
				CLANG_CXX_LANGUAGE_STANDARD = "gnu++20";
				CLANG_ENABLE_MODULES = YES;
				CLANG_ENABLE_OBJC_ARC = YES;
				CLANG_ENABLE_OBJC_WEAK = YES;
				CLANG_WARN_BLOCK_CAPTURE_AUTORELEASING = YES;
				CLANG_WARN_BOOL_CONVERSION = YES;
				CLANG_WARN_COMMA = YES;
				CLANG_WARN_CONSTANT_CONVERSION = YES;
				CLANG_WARN_DEPRECATED_OBJC_IMPLEMENTATIONS = YES;
				CLANG_WARN_DIRECT_OBJC_ISA_USAGE = YES_ERROR;
				CLANG_WARN_DOCUMENTATION_COMMENTS = YES;
				CLANG_WARN_EMPTY_BODY = YES;
				CLANG_WARN_ENUM_CONVERSION = YES;
				CLANG_WARN_INFINITE_RECURSION = YES;
				CLANG_WARN_INT_CONVERSION = YES;
				CLANG_WARN_NON_LITERAL_NULL_CONVERSION = YES;
				CLANG_WARN_OBJC_IMPLICIT_RETAIN_SELF = YES;
				CLANG_WARN_OBJC_LITERAL_CONVERSION = YES;
				CLANG_WARN_OBJC_ROOT_CLASS = YES_ERROR;
				CLANG_WARN_QUOTED_INCLUDE_IN_FRAMEWORK_HEADER = YES;
				CLANG_WARN_RANGE_LOOP_ANALYSIS = YES;
				CLANG_WARN_STRICT_PROTOTYPES = YES;
				CLANG_WARN_SUSPICIOUS_MOVE = YES;
				CLANG_WARN_UNGUARDED_AVAILABILITY = YES_AGGRESSIVE;
				CLANG_WARN_UNREACHABLE_CODE = YES;
				CLANG_WARN__DUPLICATE_METHOD_MATCH = YES;
				COPY_PHASE_STRIP = NO;
				DEBUG_INFORMATION_FORMAT = dwarf;
				DEVELOPMENT_TEAM = PRKZ4UVCD7;
				ENABLE_STRICT_OBJC_MSGSEND = YES;
				ENABLE_TESTABILITY = YES;
				ENABLE_USER_SCRIPT_SANDBOXING = NO;
				GCC_C_LANGUAGE_STANDARD = gnu17;
				GCC_DYNAMIC_NO_PIC = NO;
				GCC_NO_COMMON_BLOCKS = YES;
				GCC_OPTIMIZATION_LEVEL = 0;
				GCC_PREPROCESSOR_DEFINITIONS = (
					"DEBUG=1",
					"$(inherited)",
				);
				GCC_WARN_64_TO_32_BIT_CONVERSION = YES;
				GCC_WARN_ABOUT_RETURN_TYPE = YES_ERROR;
				GCC_WARN_UNDECLARED_SELECTOR = YES;
				GCC_WARN_UNINITIALIZED_AUTOS = YES_AGGRESSIVE;
				GCC_WARN_UNUSED_FUNCTION = YES;
				GCC_WARN_UNUSED_VARIABLE = YES;
				IPHONEOS_DEPLOYMENT_TARGET = 17.0;
				LOCALIZATION_PREFERS_STRING_CATALOGS = YES;
				MTL_ENABLE_DEBUG_INFO = INCLUDE_SOURCE;
				MTL_FAST_MATH = YES;
				NEW_SETTING = "";
				ONLY_ACTIVE_ARCH = YES;
				SDKROOT = iphoneos;
				STRING_CATALOG_GENERATE_SYMBOLS = YES;
				SWIFT_ACTIVE_COMPILATION_CONDITIONS = "DEBUG $(inherited)";
				SWIFT_OPTIMIZATION_LEVEL = "-Onone";
			};
			name = Debug;
		};
		104403572ED64A4100ED321A /* Release */ = {
			isa = XCBuildConfiguration;
			buildSettings = {
				ALWAYS_SEARCH_USER_PATHS = NO;
				ASSETCATALOG_COMPILER_GENERATE_SWIFT_ASSET_SYMBOL_EXTENSIONS = YES;
				CLANG_ANALYZER_NONNULL = YES;
				CLANG_ANALYZER_NUMBER_OBJECT_CONVERSION = YES_AGGRESSIVE;
				CLANG_CXX_LANGUAGE_STANDARD = "gnu++20";
				CLANG_ENABLE_MODULES = YES;
				CLANG_ENABLE_OBJC_ARC = YES;
				CLANG_ENABLE_OBJC_WEAK = YES;
				CLANG_WARN_BLOCK_CAPTURE_AUTORELEASING = YES;
				CLANG_WARN_BOOL_CONVERSION = YES;
				CLANG_WARN_COMMA = YES;
				CLANG_WARN_CONSTANT_CONVERSION = YES;
				CLANG_WARN_DEPRECATED_OBJC_IMPLEMENTATIONS = YES;
				CLANG_WARN_DIRECT_OBJC_ISA_USAGE = YES_ERROR;
				CLANG_WARN_DOCUMENTATION_COMMENTS = YES;
				CLANG_WARN_EMPTY_BODY = YES;
				CLANG_WARN_ENUM_CONVERSION = YES;
				CLANG_WARN_INFINITE_RECURSION = YES;
				CLANG_WARN_INT_CONVERSION = YES;
				CLANG_WARN_NON_LITERAL_NULL_CONVERSION = YES;
				CLANG_WARN_OBJC_IMPLICIT_RETAIN_SELF = YES;
				CLANG_WARN_OBJC_LITERAL_CONVERSION = YES;
				CLANG_WARN_OBJC_ROOT_CLASS = YES_ERROR;
				CLANG_WARN_QUOTED_INCLUDE_IN_FRAMEWORK_HEADER = YES;
				CLANG_WARN_RANGE_LOOP_ANALYSIS = YES;
				CLANG_WARN_STRICT_PROTOTYPES = YES;
				CLANG_WARN_SUSPICIOUS_MOVE = YES;
				CLANG_WARN_UNGUARDED_AVAILABILITY = YES_AGGRESSIVE;
				CLANG_WARN_UNREACHABLE_CODE = YES;
				CLANG_WARN__DUPLICATE_METHOD_MATCH = YES;
				COPY_PHASE_STRIP = NO;
				DEBUG_INFORMATION_FORMAT = "dwarf-with-dsym";
				DEVELOPMENT_TEAM = PRKZ4UVCD7;
				ENABLE_NS_ASSERTIONS = NO;
				ENABLE_STRICT_OBJC_MSGSEND = YES;
				ENABLE_USER_SCRIPT_SANDBOXING = NO;
				GCC_C_LANGUAGE_STANDARD = gnu17;
				GCC_NO_COMMON_BLOCKS = YES;
				GCC_WARN_64_TO_32_BIT_CONVERSION = YES;
				GCC_WARN_ABOUT_RETURN_TYPE = YES_ERROR;
				GCC_WARN_UNDECLARED_SELECTOR = YES;
				GCC_WARN_UNINITIALIZED_AUTOS = YES_AGGRESSIVE;
				GCC_WARN_UNUSED_FUNCTION = YES;
				GCC_WARN_UNUSED_VARIABLE = YES;
				IPHONEOS_DEPLOYMENT_TARGET = 17.0;
				LOCALIZATION_PREFERS_STRING_CATALOGS = YES;
				MTL_ENABLE_DEBUG_INFO = NO;
				MTL_FAST_MATH = YES;
				NEW_SETTING = "";
				SDKROOT = iphoneos;
				STRING_CATALOG_GENERATE_SYMBOLS = YES;
				SWIFT_COMPILATION_MODE = wholemodule;
				VALIDATE_PRODUCT = YES;
			};
			name = Release;
		};
		104403592ED64A4100ED321A /* Debug */ = {
			isa = XCBuildConfiguration;
			baseConfigurationReference = FA01A1B2C3D4E5F6A7B8C9D0 /* Debug.xcconfig */;
			buildSettings = {
				ASSETCATALOG_COMPILER_APPICON_NAME = AppIcon;
				ASSETCATALOG_COMPILER_GLOBAL_ACCENT_COLOR_NAME = AccentColor;
				CODE_SIGN_ENTITLEMENTS = eatfaircustomer/eatfaircustomerDebug.entitlements;
				CODE_SIGN_IDENTITY = "Apple Development";
				CODE_SIGN_STYLE = Automatic;
				CURRENT_PROJECT_VERSION = 1116;
				DEVELOPMENT_TEAM = PRKZ4UVCD7;
				ENABLE_PREVIEWS = YES;
				GENERATE_INFOPLIST_FILE = YES;
				INFOPLIST_FILE = eatfaircustomer/Info.plist;
				INFOPLIST_KEY_CFBundleDisplayName = Dollor;
				INFOPLIST_KEY_UIApplicationSceneManifest_Generation = YES;
				INFOPLIST_KEY_UIApplicationSupportsIndirectInputEvents = YES;
				INFOPLIST_KEY_UILaunchScreen_Generation = YES;
				INFOPLIST_KEY_UISupportedInterfaceOrientations_iPad = "UIInterfaceOrientationPortrait UIInterfaceOrientationPortraitUpsideDown UIInterfaceOrientationLandscapeLeft UIInterfaceOrientationLandscapeRight";
				INFOPLIST_KEY_UISupportedInterfaceOrientations_iPhone = "UIInterfaceOrientationPortrait UIInterfaceOrientationLandscapeLeft UIInterfaceOrientationLandscapeRight";
				LD_RUNPATH_SEARCH_PATHS = (
					"$(inherited)",
					"@executable_path/Frameworks",
				);
				MARKETING_VERSION = 1.1;
				PRODUCT_BUNDLE_IDENTIFIER = com.dollorai.customer;
				PRODUCT_NAME = Dollor;
				PROVISIONING_PROFILE_SPECIFIER = "";
				STRING_CATALOG_GENERATE_SYMBOLS = YES;
				SWIFT_APPROACHABLE_CONCURRENCY = YES;
				SWIFT_DEFAULT_ACTOR_ISOLATION = MainActor;
				SWIFT_EMIT_LOC_STRINGS = YES;
				SWIFT_UPCOMING_FEATURE_MEMBER_IMPORT_VISIBILITY = YES;
				SWIFT_VERSION = 5.0;
				TARGETED_DEVICE_FAMILY = "1,2";
			};
			name = Debug;
		};
		1044035A2ED64A4100ED321A /* Release */ = {
			isa = XCBuildConfiguration;
			baseConfigurationReference = FA01A1B2C3D4E5F6A7B8C9D1 /* Release.xcconfig */;
			buildSettings = {
				ASSETCATALOG_COMPILER_APPICON_NAME = AppIcon;
				ASSETCATALOG_COMPILER_GLOBAL_ACCENT_COLOR_NAME = AccentColor;
				CODE_SIGN_ENTITLEMENTS = eatfaircustomer/eatfaircustomer.entitlements;
				CODE_SIGN_STYLE = Automatic;
				CURRENT_PROJECT_VERSION = 1116;
				DEVELOPMENT_TEAM = PRKZ4UVCD7;
				ENABLE_PREVIEWS = YES;
				GENERATE_INFOPLIST_FILE = YES;
				INFOPLIST_FILE = eatfaircustomer/Info.plist;
				INFOPLIST_KEY_CFBundleDisplayName = Dollor;
				INFOPLIST_KEY_UIApplicationSceneManifest_Generation = YES;
				INFOPLIST_KEY_UIApplicationSupportsIndirectInputEvents = YES;
				INFOPLIST_KEY_UILaunchScreen_Generation = YES;
				INFOPLIST_KEY_UISupportedInterfaceOrientations_iPad = "UIInterfaceOrientationPortrait UIInterfaceOrientationPortraitUpsideDown UIInterfaceOrientationLandscapeLeft UIInterfaceOrientationLandscapeRight";
				INFOPLIST_KEY_UISupportedInterfaceOrientations_iPhone = "UIInterfaceOrientationPortrait UIInterfaceOrientationLandscapeLeft UIInterfaceOrientationLandscapeRight";
				LD_RUNPATH_SEARCH_PATHS = (
					"$(inherited)",
					"@executable_path/Frameworks",
				);
				MARKETING_VERSION = 1.1;
				PRODUCT_BUNDLE_IDENTIFIER = com.dollorai.customer;
				PRODUCT_NAME = Dollor;
				STRING_CATALOG_GENERATE_SYMBOLS = YES;
				SWIFT_APPROACHABLE_CONCURRENCY = YES;
				SWIFT_DEFAULT_ACTOR_ISOLATION = MainActor;
				SWIFT_EMIT_LOC_STRINGS = YES;
				SWIFT_UPCOMING_FEATURE_MEMBER_IMPORT_VISIBILITY = YES;
				SWIFT_VERSION = 5.0;
				TARGETED_DEVICE_FAMILY = "1,2";
			};
			name = Release;
		};
		1044035C2ED64A4100ED321A /* Debug */ = {
			isa = XCBuildConfiguration;
			buildSettings = {
				BUNDLE_LOADER = "$(TEST_HOST)";
				CODE_SIGN_STYLE = Automatic;
				CURRENT_PROJECT_VERSION = 1116;
				DEVELOPMENT_TEAM = PRKZ4UVCD7;
				GENERATE_INFOPLIST_FILE = YES;
				IPHONEOS_DEPLOYMENT_TARGET = 17.0;
				MARKETING_VERSION = 1.1;
				PRODUCT_BUNDLE_IDENTIFIER = com.dollorai.customer.tests;
				PRODUCT_NAME = "$(TARGET_NAME)";
				STRING_CATALOG_GENERATE_SYMBOLS = NO;
				SWIFT_APPROACHABLE_CONCURRENCY = YES;
				SWIFT_EMIT_LOC_STRINGS = NO;
				SWIFT_UPCOMING_FEATURE_MEMBER_IMPORT_VISIBILITY = YES;
				SWIFT_VERSION = 5.0;
				TARGETED_DEVICE_FAMILY = "1,2";
				TEST_HOST = "$(BUILT_PRODUCTS_DIR)/Dollor.app/$(BUNDLE_EXECUTABLE_FOLDER_PATH)/Dollor";
			};
			name = Debug;
		};
		1044035D2ED64A4100ED321A /* Release */ = {
			isa = XCBuildConfiguration;
			buildSettings = {
				BUNDLE_LOADER = "$(TEST_HOST)";
				CODE_SIGN_STYLE = Automatic;
				CURRENT_PROJECT_VERSION = 1116;
				DEVELOPMENT_TEAM = PRKZ4UVCD7;
				GENERATE_INFOPLIST_FILE = YES;
				IPHONEOS_DEPLOYMENT_TARGET = 17.0;
				MARKETING_VERSION = 1.1;
				PRODUCT_BUNDLE_IDENTIFIER = com.dollorai.customer.tests;
				PRODUCT_NAME = "$(TARGET_NAME)";
				STRING_CATALOG_GENERATE_SYMBOLS = NO;
				SWIFT_APPROACHABLE_CONCURRENCY = YES;
				SWIFT_EMIT_LOC_STRINGS = NO;
				SWIFT_UPCOMING_FEATURE_MEMBER_IMPORT_VISIBILITY = YES;
				SWIFT_VERSION = 5.0;
				TARGETED_DEVICE_FAMILY = "1,2";
				TEST_HOST = "$(BUILT_PRODUCTS_DIR)/Dollor.app/$(BUNDLE_EXECUTABLE_FOLDER_PATH)/Dollor";
			};
			name = Release;
		};
		1044035F2ED64A4100ED321A /* Debug */ = {
			isa = XCBuildConfiguration;
			buildSettings = {
				CODE_SIGN_STYLE = Automatic;
				CURRENT_PROJECT_VERSION = 1116;
				DEVELOPMENT_TEAM = PRKZ4UVCD7;
				GENERATE_INFOPLIST_FILE = YES;
				MARKETING_VERSION = 1.1;
				PRODUCT_BUNDLE_IDENTIFIER = com.dollorai.customer.uitests;
				PRODUCT_NAME = "$(TARGET_NAME)";
				STRING_CATALOG_GENERATE_SYMBOLS = NO;
				SWIFT_APPROACHABLE_CONCURRENCY = YES;
				SWIFT_EMIT_LOC_STRINGS = NO;
				SWIFT_UPCOMING_FEATURE_MEMBER_IMPORT_VISIBILITY = YES;
				SWIFT_VERSION = 5.0;
				TARGETED_DEVICE_FAMILY = "1,2";
				TEST_TARGET_NAME = eatfaircustomer;
			};
			name = Debug;
		};
		104403602ED64A4100ED321A /* Release */ = {
			isa = XCBuildConfiguration;
			buildSettings = {
				CODE_SIGN_STYLE = Automatic;
				CURRENT_PROJECT_VERSION = 1116;
				DEVELOPMENT_TEAM = PRKZ4UVCD7;
				GENERATE_INFOPLIST_FILE = YES;
				MARKETING_VERSION = 1.1;
				PRODUCT_BUNDLE_IDENTIFIER = com.dollorai.customer.uitests;
				PRODUCT_NAME = "$(TARGET_NAME)";
				STRING_CATALOG_GENERATE_SYMBOLS = NO;
				SWIFT_APPROACHABLE_CONCURRENCY = YES;
				SWIFT_EMIT_LOC_STRINGS = NO;
				SWIFT_UPCOMING_FEATURE_MEMBER_IMPORT_VISIBILITY = YES;
				SWIFT_VERSION = 5.0;
				TARGETED_DEVICE_FAMILY = "1,2";
				TEST_TARGET_NAME = eatfaircustomer;
			};
			name = Release;
		};
/* End XCBuildConfiguration section */

/* Begin XCConfigurationList section */
		1044032D2ED64A4000ED321A /* Build configuration list for PBXProject "eatfaircustomer" */ = {
			isa = XCConfigurationList;
			buildConfigurations = (
				104403562ED64A4100ED321A /* Debug */,
				104403572ED64A4100ED321A /* Release */,
			);
			defaultConfigurationIsVisible = 0;
			defaultConfigurationName = Release;
		};
		104403582ED64A4100ED321A /* Build configuration list for PBXNativeTarget "eatfaircustomer" */ = {
			isa = XCConfigurationList;
			buildConfigurations = (
				104403592ED64A4100ED321A /* Debug */,
				1044035A2ED64A4100ED321A /* Release */,
			);
			defaultConfigurationIsVisible = 0;
			defaultConfigurationName = Release;
		};
		1044035B2ED64A4100ED321A /* Build configuration list for PBXNativeTarget "eatfaircustomerTests" */ = {
			isa = XCConfigurationList;
			buildConfigurations = (
				1044035C2ED64A4100ED321A /* Debug */,
				1044035D2ED64A4100ED321A /* Release */,
			);
			defaultConfigurationIsVisible = 0;
			defaultConfigurationName = Release;
		};
		1044035E2ED64A4100ED321A /* Build configuration list for PBXNativeTarget "eatfaircustomerUITests" */ = {
			isa = XCConfigurationList;
			buildConfigurations = (
				1044035F2ED64A4100ED321A /* Debug */,
				104403602ED64A4100ED321A /* Release */,
			);
			defaultConfigurationIsVisible = 0;
			defaultConfigurationName = Release;
		};
/* End XCConfigurationList section */

/* Begin XCLocalSwiftPackageReference section */
		104406AA2ED8354200ED321A /* XCLocalSwiftPackageReference "eatfair-ios-shared" */ = {
			isa = XCLocalSwiftPackageReference;
			relativePath = "../eatfair-ios-shared";
		};
/* End XCLocalSwiftPackageReference section */

/* Begin XCRemoteSwiftPackageReference section */
		1044037A2ED64E2100ED321A /* XCRemoteSwiftPackageReference "firebase-ios-sdk" */ = {
			isa = XCRemoteSwiftPackageReference;
			repositoryURL = "https://github.com/firebase/firebase-ios-sdk.git";
			requirement = {
				kind = upToNextMajorVersion;
				minimumVersion = 12.6.0;
			};
		};
		104403822ED6522000ED321A /* XCRemoteSwiftPackageReference "GoogleSignIn-iOS" */ = {
			isa = XCRemoteSwiftPackageReference;
			repositoryURL = "https://github.com/google/GoogleSignIn-iOS";
			requirement = {
				kind = upToNextMajorVersion;
				minimumVersion = 9.0.0;
			};
		};
		104403A72ED6707F00ED321A /* XCRemoteSwiftPackageReference "stripe-ios-spm" */ = {
			isa = XCRemoteSwiftPackageReference;
			repositoryURL = "https://github.com/stripe/stripe-ios-spm";
			requirement = {
				kind = upToNextMajorVersion;
				minimumVersion = 25.1.1;
			};
		};
/* End XCRemoteSwiftPackageReference section */

/* Begin XCSwiftPackageProductDependency section */
		1044037B2ED64E2100ED321A /* FirebaseAuth */ = {
			isa = XCSwiftPackageProductDependency;
			package = 1044037A2ED64E2100ED321A /* XCRemoteSwiftPackageReference "firebase-ios-sdk" */;
			productName = FirebaseAuth;
		};
		1044037D2ED64E2100ED321A /* FirebaseFirestore */ = {
			isa = XCSwiftPackageProductDependency;
			package = 1044037A2ED64E2100ED321A /* XCRemoteSwiftPackageReference "firebase-ios-sdk" */;
			productName = FirebaseFirestore;
		};
		104403832ED6522000ED321A /* GoogleSignIn */ = {
			isa = XCSwiftPackageProductDependency;
			package = 104403822ED6522000ED321A /* XCRemoteSwiftPackageReference "GoogleSignIn-iOS" */;
			productName = GoogleSignIn;
		};
		104403852ED6522000ED321A /* GoogleSignInSwift */ = {
			isa = XCSwiftPackageProductDependency;
			package = 104403822ED6522000ED321A /* XCRemoteSwiftPackageReference "GoogleSignIn-iOS" */;
			productName = GoogleSignInSwift;
		};
		104403A82ED6707F00ED321A /* Stripe */ = {
			isa = XCSwiftPackageProductDependency;
			package = 104403A72ED6707F00ED321A /* XCRemoteSwiftPackageReference "stripe-ios-spm" */;
			productName = Stripe;
		};
		104403AA2ED6707F00ED321A /* StripeApplePay */ = {
			isa = XCSwiftPackageProductDependency;
			package = 104403A72ED6707F00ED321A /* XCRemoteSwiftPackageReference "stripe-ios-spm" */;
			productName = StripeApplePay;
		};
		104403AC2ED6707F00ED321A /* StripeCardScan */ = {
			isa = XCSwiftPackageProductDependency;
			package = 104403A72ED6707F00ED321A /* XCRemoteSwiftPackageReference "stripe-ios-spm" */;
			productName = StripeCardScan;
		};
		104403AE2ED6707F00ED321A /* StripeConnect */ = {
			isa = XCSwiftPackageProductDependency;
			package = 104403A72ED6707F00ED321A /* XCRemoteSwiftPackageReference "stripe-ios-spm" */;
			productName = StripeConnect;
		};
		104403B02ED6707F00ED321A /* StripeFinancialConnections */ = {
			isa = XCSwiftPackageProductDependency;
			package = 104403A72ED6707F00ED321A /* XCRemoteSwiftPackageReference "stripe-ios-spm" */;
			productName = StripeFinancialConnections;
		};
		104403B22ED6708000ED321A /* StripePaymentSheet */ = {
			isa = XCSwiftPackageProductDependency;
			package = 104403A72ED6707F00ED321A /* XCRemoteSwiftPackageReference "stripe-ios-spm" */;
			productName = StripePaymentSheet;
		};
		104406AB2ED8354200ED321A /* EatFairShared */ = {
			isa = XCSwiftPackageProductDependency;
			package = 104406AA2ED8354200ED321A /* XCLocalSwiftPackageReference "eatfair-ios-shared" */;
			productName = EatFairShared;
		};
/* End XCSwiftPackageProductDependency section */
	};
	rootObject = 1044032A2ED64A4000ED321A /* Project object */;
}
