PODS:
  - GoogleMaps (9.4.0):
    - GoogleMaps/Maps (= 9.4.0)
  - GoogleMaps/Maps (9.4.0)
  - GooglePlaces (9.4.1)

DEPENDENCIES:
  - GoogleMaps (~> 9.0)
  - GooglePlaces (~> 9.0)

SPEC REPOS:
  trunk:
    - GoogleMaps
    - GooglePlaces

SPEC CHECKSUMS:
  GoogleMaps: 0608099d4870cac8754bdba9b6953db543432438
  GooglePlaces: 8afca6c4e946472e91298589d1640d614b51749a

PODFILE CHECKSUM: c1c653a269f1f92d14b69e6c2ce719464e0aa316

COCOAPODS: 1.16.2
